// !$*UTF8*$!
{
	archiveVersion = 1;
	classes = {
	};
	objectVersion = 46;
	objects = {

/* Begin PBXBuildFile section */
		04A96A431F3B156C006A5E31 /* AppDelegate.swift in Sources */ = {isa = PBXBuildFile; fileRef = 04A96A421F3B156C006A5E31 /* AppDelegate.swift */; };
		04A96A451F3B156C006A5E31 /* ViewController.swift in Sources */ = {isa = PBXBuildFile; fileRef = 04A96A441F3B156C006A5E31 /* ViewController.swift */; };
		04A96A481F3B156C006A5E31 /* Main.storyboard in Resources */ = {isa = PBXBuildFile; fileRef = 04A96A461F3B156C006A5E31 /* Main.storyboard */; };
		04A96A4A1F3B156C006A5E31 /* Assets.xcassets in Resources */ = {isa = PBXBuildFile; fileRef = 04A96A491F3B156C006A5E31 /* Assets.xcassets */; };
		04A96A4D1F3B156C006A5E31 /* LaunchScreen.storyboard in Resources */ = {isa = PBXBuildFile; fileRef = 04A96A4B1F3B156C006A5E31 /* LaunchScreen.storyboard */; };
		04CE9CEC1F3B159D00FE43D8 /* DownloadButton.swift in Sources */ = {isa = PBXBuildFile; fileRef = 04CE9CEB1F3B159D00FE43D8 /* DownloadButton.swift */; };
/* End PBXBuildFile section */

/* Begin PBXFileReference section */
		04A96A3F1F3B156C006A5E31 /* DownloadButton.app */ = {isa = PBXFileReference; explicitFileType = wrapper.application; includeInIndex = 0; path = DownloadButton.app; sourceTree = BUILT_PRODUCTS_DIR; };
		04A96A421F3B156C006A5E31 /* AppDelegate.swift */ = {isa = PBXFileReference; lastKnownFileType = sourcecode.swift; path = AppDelegate.swift; sourceTree = "<group>"; };
		04A96A441F3B156C006A5E31 /* ViewController.swift */ = {isa = PBXFileReference; lastKnownFileType = sourcecode.swift; path = ViewController.swift; sourceTree = "<group>"; };
		04A96A471F3B156C006A5E31 /* Base */ = {isa = PBXFileReference; lastKnownFileType = file.storyboard; name = Base; path = Base.lproj/Main.storyboard; sourceTree = "<group>"; };
		04A96A491F3B156C006A5E31 /* Assets.xcassets */ = {isa = PBXFileReference; lastKnownFileType = folder.assetcatalog; path = Assets.xcassets; sourceTree = "<group>"; };
		04A96A4C1F3B156C006A5E31 /* Base */ = {isa = PBXFileReference; lastKnownFileType = file.storyboard; name = Base; path = Base.lproj/LaunchScreen.storyboard; sourceTree = "<group>"; };
		04A96A4E1F3B156C006A5E31 /* Info.plist */ = {isa = PBXFileReference; lastKnownFileType = text.plist.xml; path = Info.plist; sourceTree = "<group>"; };
		04CE9CEB1F3B159D00FE43D8 /* DownloadButton.swift */ = {isa = PBXFileReference; fileEncoding = 4; lastKnownFileType = sourcecode.swift; path = DownloadButton.swift; sourceTree = "<group>"; };
/* End PBXFileReference section */

/* Begin PBXFrameworksBuildPhase section */
		04A96A3C1F3B156C006A5E31 /* Frameworks */ = {
			isa = PBXFrameworksBuildPhase;
			buildActionMask = 2147483647;
			files = (
			);
			runOnlyForDeploymentPostprocessing = 0;
		};
/* End PBXFrameworksBuildPhase section */

/* Begin PBXGroup section */
		04A96A361F3B156C006A5E31 = {
			isa = PBXGroup;
			children = (
				04A96A411F3B156C006A5E31 /* DownloadButton */,
				04A96A401F3B156C006A5E31 /* Products */,
			);
			sourceTree = "<group>";
		};
		04A96A401F3B156C006A5E31 /* Products */ = {
			isa = PBXGroup;
			children = (
				04A96A3F1F3B156C006A5E31 /* DownloadButton.app */,
			);
			name = Products;
			sourceTree = "<group>";
		};
		04A96A411F3B156C006A5E31 /* DownloadButton */ = {
			isa = PBXGroup;
			children = (
				04CE9CEB1F3B159D00FE43D8 /* DownloadButton.swift */,
				04A96A421F3B156C006A5E31 /* AppDelegate.swift */,
				04A96A441F3B156C006A5E31 /* ViewController.swift */,
				04A96A461F3B156C006A5E31 /* Main.storyboard */,
				04A96A491F3B156C006A5E31 /* Assets.xcassets */,
				04A96A4B1F3B156C006A5E31 /* LaunchScreen.storyboard */,
				04A96A4E1F3B156C006A5E31 /* Info.plist */,
			);
			path = DownloadButton;
			sourceTree = "<group>";
		};
/* End PBXGroup section */

/* Begin PBXNativeTarget section */
		04A96A3E1F3B156C006A5E31 /* DownloadButton */ = {
			isa = PBXNativeTarget;
			buildConfigurationList = 04A96A511F3B156C006A5E31 /* Build configuration list for PBXNativeTarget "DownloadButton" */;
			buildPhases = (
				04A96A3B1F3B156C006A5E31 /* Sources */,
				04A96A3C1F3B156C006A5E31 /* Frameworks */,
				04A96A3D1F3B156C006A5E31 /* Resources */,
			);
			buildRules = (
			);
			dependencies = (
			);
			name = DownloadButton;
			productName = DownloadButton;
			productReference = 04A96A3F1F3B156C006A5E31 /* DownloadButton.app */;
			productType = "com.apple.product-type.application";
		};
/* End PBXNativeTarget section */

/* Begin PBXProject section */
		04A96A371F3B156C006A5E31 /* Project object */ = {
			isa = PBXProject;
			attributes = {
				LastSwiftUpdateCheck = 0830;
				LastUpgradeCheck = 0830;
				ORGANIZATIONNAME = "黄瑞";
				TargetAttributes = {
					04A96A3E1F3B156C006A5E31 = {
						CreatedOnToolsVersion = 8.3.3;
						DevelopmentTeam = XSP8LJW7DB;
						ProvisioningStyle = Automatic;
					};
				};
			};
			buildConfigurationList = 04A96A3A1F3B156C006A5E31 /* Build configuration list for PBXProject "DownloadButton" */;
			compatibilityVersion = "Xcode 3.2";
			developmentRegion = English;
			hasScannedForEncodings = 0;
			knownRegions = (
				en,
				Base,
			);
			mainGroup = 04A96A361F3B156C006A5E31;
			productRefGroup = 04A96A401F3B156C006A5E31 /* Products */;
			projectDirPath = "";
			projectRoot = "";
			targets = (
				04A96A3E1F3B156C006A5E31 /* DownloadButton */,
			);
		};
/* End PBXProject section */

/* Begin PBXResourcesBuildPhase section */
		04A96A3D1F3B156C006A5E31 /* Resources */ = {
			isa = PBXResourcesBuildPhase;
			buildActionMask = 2147483647;
			files = (
				04A96A4D1F3B156C006A5E31 /* LaunchScreen.storyboard in Resources */,
				04A96A4A1F3B156C006A5E31 /* Assets.xcassets in Resources */,
				04A96A481F3B156C006A5E31 /* Main.storyboard in Resources */,
			);
			runOnlyForDeploymentPostprocessing = 0;
		};
/* End PBXResourcesBuildPhase section */

/* Begin PBXSourcesBuildPhase section */
		04A96A3B1F3B156C006A5E31 /* Sources */ = {
			isa = PBXSourcesBuildPhase;
			buildActionMask = 2147483647;
			files = (
				04A96A451F3B156C006A5E31 /* ViewController.swift in Sources */,
				04CE9CEC1F3B159D00FE43D8 /* DownloadButton.swift in Sources */,
				04A96A431F3B156C006A5E31 /* AppDelegate.swift in Sources */,
			);
			runOnlyForDeploymentPostprocessing = 0;
		};
/* End PBXSourcesBuildPhase section */

/* Begin PBXVariantGroup section */
		04A96A461F3B156C006A5E31 /* Main.storyboard */ = {
			isa = PBXVariantGroup;
			children = (
				04A96A471F3B156C006A5E31 /* Base */,
			);
			name = Main.storyboard;
			sourceTree = "<group>";
		};
		04A96A4B1F3B156C006A5E31 /* LaunchScreen.storyboard */ = {
			isa = PBXVariantGroup;
			children = (
				04A96A4C1F3B156C006A5E31 /* Base */,
			);
			name = LaunchScreen.storyboard;
			sourceTree = "<group>";
		};
/* End PBXVariantGroup section */

/* Begin XCBuildConfiguration section */
		04A96A4F1F3B156C006A5E31 /* Debug */ = {
			isa = XCBuildConfiguration;
			buildSettings = {
				ALWAYS_SEARCH_USER_PATHS = NO;
				CLANG_ANALYZER_NONNULL = YES;
				CLANG_ANALYZER_NUMBER_OBJECT_CONVERSION = YES_AGGRESSIVE;
				CLANG_CXX_LANGUAGE_STANDARD = "gnu++0x";
				CLANG_CXX_LIBRARY = "libc++";
				CLANG_ENABLE_MODULES = YES;
				CLANG_ENABLE_OBJC_ARC = YES;
				CLANG_WARN_BOOL_CONVERSION = YES;
				CLANG_WARN_CONSTANT_CONVERSION = YES;
				CLANG_WARN_DIRECT_OBJC_ISA_USAGE = YES_ERROR;
				CLANG_WARN_DOCUMENTATION_COMMENTS = YES;
				CLANG_WARN_EMPTY_BODY = YES;
				CLANG_WARN_ENUM_CONVERSION = YES;
				CLANG_WARN_INFINITE_RECURSION = YES;
				CLANG_WARN_INT_CONVERSION = YES;
				CLANG_WARN_OBJC_ROOT_CLASS = YES_ERROR;
				CLANG_WARN_SUSPICIOUS_MOVE = YES;
				CLANG_WARN_UNREACHABLE_CODE = YES;
				CLANG_WARN__DUPLICATE_METHOD_MATCH = YES;
				"CODE_SIGN_IDENTITY[sdk=iphoneos*]" = "iPhone Developer";
				COPY_PHASE_STRIP = NO;
				DEBUG_INFORMATION_FORMAT = dwarf;
				ENABLE_STRICT_OBJC_MSGSEND = YES;
				ENABLE_TESTABILITY = YES;
				GCC_C_LANGUAGE_STANDARD = gnu99;
				GCC_DYNAMIC_NO_PIC = NO;
				GCC_NO_COMMON_BLOCKS = YES;
				GCC_OPTIMIZATION_LEVEL = 0;
				GCC_PREPROCESSOR_DEFINITIONS = (
					"DEBUG=1",
					"$(inherited)",
				);
				GCC_WARN_64_TO_32_BIT_CONVERSION = YES;
				GCC_WARN_ABOUT_RETURN_TYPE = YES_ERROR;
				GCC_WARN_UNDECLARED_SELECTOR = YES;
				GCC_WARN_UNINITIALIZED_AUTOS = YES_AGGRESSIVE;
				GCC_WARN_UNUSED_FUNCTION = YES;
				GCC_WARN_UNUSED_VARIABLE = YES;
				IPHONEOS_DEPLOYMENT_TARGET = 10.3;
				MTL_ENABLE_DEBUG_INFO = YES;
				ONLY_ACTIVE_ARCH = YES;
				SDKROOT = iphoneos;
				SWIFT_ACTIVE_COMPILATION_CONDITIONS = DEBUG;
				SWIFT_OPTIMIZATION_LEVEL = "-Onone";
				TARGETED_DEVICE_FAMILY = "1,2";
			};
			name = Debug;
		};
		04A96A501F3B156C006A5E31 /* Release */ = {
			isa = XCBuildConfiguration;
			buildSettings = {
				ALWAYS_SEARCH_USER_PATHS = NO;
				CLANG_ANALYZER_NONNULL = YES;
				CLANG_ANALYZER_NUMBER_OBJECT_CONVERSION = YES_AGGRESSIVE;
				CLANG_CXX_LANGUAGE_STANDARD = "gnu++0x";
				CLANG_CXX_LIBRARY = "libc++";
				CLANG_ENABLE_MODULES = YES;
				CLANG_ENABLE_OBJC_ARC = YES;
				CLANG_WARN_BOOL_CONVERSION = YES;
				CLANG_WARN_CONSTANT_CONVERSION = YES;
				CLANG_WARN_DIRECT_OBJC_ISA_USAGE = YES_ERROR;
				CLANG_WARN_DOCUMENTATION_COMMENTS = YES;
				CLANG_WARN_EMPTY_BODY = YES;
				CLANG_WARN_ENUM_CONVERSION = YES;
				CLANG_WARN_INFINITE_RECURSION = YES;
				CLANG_WARN_INT_CONVERSION = YES;
				CLANG_WARN_OBJC_ROOT_CLASS = YES_ERROR;
				CLANG_WARN_SUSPICIOUS_MOVE = YES;
				CLANG_WARN_UNREACHABLE_CODE = YES;
				CLANG_WARN__DUPLICATE_METHOD_MATCH = YES;
				"CODE_SIGN_IDENTITY[sdk=iphoneos*]" = "iPhone Developer";
				COPY_PHASE_STRIP = NO;
				DEBUG_INFORMATION_FORMAT = "dwarf-with-dsym";
				ENABLE_NS_ASSERTIONS = NO;
				ENABLE_STRICT_OBJC_MSGSEND = YES;
				GCC_C_LANGUAGE_STANDARD = gnu99;
				GCC_NO_COMMON_BLOCKS = YES;
				GCC_WARN_64_TO_32_BIT_CONVERSION = YES;
				GCC_WARN_ABOUT_RETURN_TYPE = YES_ERROR;
				GCC_WARN_UNDECLARED_SELECTOR = YES;
				GCC_WARN_UNINITIALIZED_AUTOS = YES_AGGRESSIVE;
				GCC_WARN_UNUSED_FUNCTION = YES;
				GCC_WARN_UNUSED_VARIABLE = YES;
				IPHONEOS_DEPLOYMENT_TARGET = 10.3;
				MTL_ENABLE_DEBUG_INFO = NO;
				SDKROOT = iphoneos;
				SWIFT_OPTIMIZATION_LEVEL = "-Owholemodule";
				TARGETED_DEVICE_FAMILY = "1,2";
				VALIDATE_PRODUCT = YES;
			};
			name = Release;
		};
		04A96A521F3B156C006A5E31 /* Debug */ = {
			isa = XCBuildConfiguration;
			buildSettings = {
				ASSETCATALOG_COMPILER_APPICON_NAME = AppIcon;
				DEVELOPMENT_TEAM = XSP8LJW7DB;
				INFOPLIST_FILE = DownloadButton/Info.plist;
				LD_RUNPATH_SEARCH_PATHS = "$(inherited) @executable_path/Frameworks";
				PRODUCT_BUNDLE_IDENTIFIER = com.coderhuang.DownloadButton;
				PRODUCT_NAME = "$(TARGET_NAME)";
				SWIFT_VERSION = 3.0;
			};
			name = Debug;
		};
		04A96A531F3B156C006A5E31 /* Release */ = {
			isa = XCBuildConfiguration;
			buildSettings = {
				ASSETCATALOG_COMPILER_APPICON_NAME = AppIcon;
				DEVELOPMENT_TEAM = XSP8LJW7DB;
				INFOPLIST_FILE = DownloadButton/Info.plist;
				LD_RUNPATH_SEARCH_PATHS = "$(inherited) @executable_path/Frameworks";
				PRODUCT_BUNDLE_IDENTIFIER = com.coderhuang.DownloadButton;
				PRODUCT_NAME = "$(TARGET_NAME)";
				SWIFT_VERSION = 3.0;
			};
			name = Release;
		};
/* End XCBuildConfiguration section */

/* Begin XCConfigurationList section */
		04A96A3A1F3B156C006A5E31 /* Build configuration list for PBXProject "DownloadButton" */ = {
			isa = XCConfigurationList;
			buildConfigurations = (
				04A96A4F1F3B156C006A5E31 /* Debug */,
				04A96A501F3B156C006A5E31 /* Release */,
			);
			defaultConfigurationIsVisible = 0;
			defaultConfigurationName = Release;
		};
		04A96A511F3B156C006A5E31 /* Build configuration list for PBXNativeTarget "DownloadButton" */ = {
			isa = XCConfigurationList;
			buildConfigurations = (
				04A96A521F3B156C006A5E31 /* Debug */,
				04A96A531F3B156C006A5E31 /* Release */,
			);
			defaultConfigurationIsVisible = 0;
			defaultConfigurationName = Release;
		};
/* End XCConfigurationList section */
	};
	rootObject = 04A96A371F3B156C006A5E31 /* Project object */;
}
